
Microsoft Visual Studio Solution File, Format Version 12.00
# Visual Studio 15
VisualStudioVersion = 15.0.28307.1927
MinimumVisualStudioVersion = 10.0.40219.1
Project("{FAE04EC0-301F-11D3-BF4B-00C04F79EFBC}") = "QLSHOPQUANAO", "QLSHOPQUANAO\QLSHOPQUANAO.csproj", "{5A4421AB-C679-4B94-9B8B-4EAEB19AF47A}"
EndProject
Global
	GlobalSection(SolutionConfigurationPlatforms) = preSolution
		Debug|Any CPU = Debug|Any CPU
		Release|Any CPU = Release|Any CPU
	EndGlobalSection
	GlobalSection(ProjectConfigurationPlatforms) = postSolution
		{5A4421AB-C679-4B94-9B8B-4EAEB19AF47A}.Debug|Any CPU.ActiveCfg = Debug|Any CPU
		{5A4421AB-C679-4B94-9B8B-4EAEB19AF47A}.Debug|Any CPU.Build.0 = Debug|Any CPU
		{5A4421AB-C679-4B94-9B8B-4EAEB19AF47A}.Release|Any CPU.ActiveCfg = Release|Any CPU
		{5A4421AB-C679-4B94-9B8B-4EAEB19AF47A}.Release|Any CPU.Build.0 = Release|Any CPU
	EndGlobalSection
	GlobalSection(SolutionProperties) = preSolution
		HideSolutionNode = FALSE
	EndGlobalSection
	GlobalSection(ExtensibilityGlobals) = postSolution
		SolutionGuid = {FED6530B-6315-4894-85B2-D6A9942EE736}
	EndGlobalSection
EndGlobal
